// !$*UTF8*$!
{
	archiveVersion = 1;
	classes = {
	};
	objectVersion = 55;
	objects = {

/* Begin PBXBuildFile section */
		9D866F2B2996EC0700E8A7D0 /* Word_ScrambleApp.swift in Sources */ = {isa = PBXBuildFile; fileRef = 9D866F2A2996EC0700E8A7D0 /* Word_ScrambleApp.swift */; };
		9D866F2D2996EC0700E8A7D0 /* ContentView.swift in Sources */ = {isa = PBXBuildFile; fileRef = 9D866F2C2996EC0700E8A7D0 /* ContentView.swift */; };
		9D866F2F2996EC0C00E8A7D0 /* Assets.xcassets in Resources */ = {isa = PBXBuildFile; fileRef = 9D866F2E2996EC0C00E8A7D0 /* Assets.xcassets */; };
		9D866F322996EC0C00E8A7D0 /* Preview Assets.xcassets in Resources */ = {isa = PBXBuildFile; fileRef = 9D866F312996EC0C00E8A7D0 /* Preview Assets.xcassets */; };
		9D866F3C2996EC0C00E8A7D0 /* Word_ScrambleTests.swift in Sources */ = {isa = PBXBuildFile; fileRef = 9D866F3B2996EC0C00E8A7D0 /* Word_ScrambleTests.swift */; };
		9D866F462996EC0C00E8A7D0 /* Word_ScrambleUITests.swift in Sources */ = {isa = PBXBuildFile; fileRef = 9D866F452996EC0C00E8A7D0 /* Word_ScrambleUITests.swift */; };
		9D866F482996EC0C00E8A7D0 /* Word_ScrambleUITestsLaunchTests.swift in Sources */ = {isa = PBXBuildFile; fileRef = 9D866F472996EC0C00E8A7D0 /* Word_ScrambleUITestsLaunchTests.swift */; };
		9D866F552999769200E8A7D0 /* start.txt in Resources */ = {isa = PBXBuildFile; fileRef = 9D866F542999769000E8A7D0 /* start.txt */; };
/* End PBXBuildFile section */

/* Begin PBXContainerItemProxy section */
		9D866F382996EC0C00E8A7D0 /* PBXContainerItemProxy */ = {
			isa = PBXContainerItemProxy;
			containerPortal = 9D866F1F2996EC0700E8A7D0 /* Project object */;
			proxyType = 1;
			remoteGlobalIDString = 9D866F262996EC0700E8A7D0;
			remoteInfo = "Word Scramble";
		};
		9D866F422996EC0C00E8A7D0 /* PBXContainerItemProxy */ = {
			isa = PBXContainerItemProxy;
			containerPortal = 9D866F1F2996EC0700E8A7D0 /* Project object */;
			proxyType = 1;
			remoteGlobalIDString = 9D866F262996EC0700E8A7D0;
			remoteInfo = "Word Scramble";
		};
/* End PBXContainerItemProxy section */

/* Begin PBXFileReference section */
		9D866F272996EC0700E8A7D0 /* Word Scramble.app */ = {isa = PBXFileReference; explicitFileType = wrapper.application; includeInIndex = 0; path = "Word Scramble.app"; sourceTree = BUILT_PRODUCTS_DIR; };
		9D866F2A2996EC0700E8A7D0 /* Word_ScrambleApp.swift */ = {isa = PBXFileReference; lastKnownFileType = sourcecode.swift; path = Word_ScrambleApp.swift; sourceTree = "<group>"; };
		9D866F2C2996EC0700E8A7D0 /* ContentView.swift */ = {isa = PBXFileReference; lastKnownFileType = sourcecode.swift; path = ContentView.swift; sourceTree = "<group>"; };
		9D866F2E2996EC0C00E8A7D0 /* Assets.xcassets */ = {isa = PBXFileReference; lastKnownFileType = folder.assetcatalog; path = Assets.xcassets; sourceTree = "<group>"; };
		9D866F312996EC0C00E8A7D0 /* Preview Assets.xcassets */ = {isa = PBXFileReference; lastKnownFileType = folder.assetcatalog; path = "Preview Assets.xcassets"; sourceTree = "<group>"; };
		9D866F372996EC0C00E8A7D0 /* Word ScrambleTests.xctest */ = {isa = PBXFileReference; explicitFileType = wrapper.cfbundle; includeInIndex = 0; path = "Word ScrambleTests.xctest"; sourceTree = BUILT_PRODUCTS_DIR; };
		9D866F3B2996EC0C00E8A7D0 /* Word_ScrambleTests.swift */ = {isa = PBXFileReference; lastKnownFileType = sourcecode.swift; path = Word_ScrambleTests.swift; sourceTree = "<group>"; };
		9D866F412996EC0C00E8A7D0 /* Word ScrambleUITests.xctest */ = {isa = PBXFileReference; explicitFileType = wrapper.cfbundle; includeInIndex = 0; path = "Word ScrambleUITests.xctest"; sourceTree = BUILT_PRODUCTS_DIR; };
		9D866F452996EC0C00E8A7D0 /* Word_ScrambleUITests.swift */ = {isa = PBXFileReference; lastKnownFileType = sourcecode.swift; path = Word_ScrambleUITests.swift; sourceTree = "<group>"; };
		9D866F472996EC0C00E8A7D0 /* Word_ScrambleUITestsLaunchTests.swift */ = {isa = PBXFileReference; lastKnownFileType = sourcecode.swift; path = Word_ScrambleUITestsLaunchTests.swift; sourceTree = "<group>"; };
		9D866F542999769000E8A7D0 /* start.txt */ = {isa = PBXFileReference; fileEncoding = 4; lastKnownFileType = text; path = start.txt; sourceTree = "<group>"; };
/* End PBXFileReference section */

/* Begin PBXFrameworksBuildPhase section */
		9D866F242996EC0700E8A7D0 /* Frameworks */ = {
			isa = PBXFrameworksBuildPhase;
			buildActionMask = 2147483647;
			files = (
			);
			runOnlyForDeploymentPostprocessing = 0;
		};
		9D866F342996EC0C00E8A7D0 /* Frameworks */ = {
			isa = PBXFrameworksBuildPhase;
			buildActionMask = 2147483647;
			files = (
			);
			runOnlyForDeploymentPostprocessing = 0;
		};
		9D866F3E2996EC0C00E8A7D0 /* Frameworks */ = {
			isa = PBXFrameworksBuildPhase;
			buildActionMask = 2147483647;
			files = (
			);
			runOnlyForDeploymentPostprocessing = 0;
		};
/* End PBXFrameworksBuildPhase section */

/* Begin PBXGroup section */
		9D866F1E2996EC0700E8A7D0 = {
			isa = PBXGroup;
			children = (
				9D866F292996EC0700E8A7D0 /* Word Scramble */,
				9D866F3A2996EC0C00E8A7D0 /* Word ScrambleTests */,
				9D866F442996EC0C00E8A7D0 /* Word ScrambleUITests */,
				9D866F282996EC0700E8A7D0 /* Products */,
			);
			sourceTree = "<group>";
		};
		9D866F282996EC0700E8A7D0 /* Products */ = {
			isa = PBXGroup;
			children = (
				9D866F272996EC0700E8A7D0 /* Word Scramble.app */,
				9D866F372996EC0C00E8A7D0 /* Word ScrambleTests.xctest */,
				9D866F412996EC0C00E8A7D0 /* Word ScrambleUITests.xctest */,
			);
			name = Products;
			sourceTree = "<group>";
		};
		9D866F292996EC0700E8A7D0 /* Word Scramble */ = {
			isa = PBXGroup;
			children = (
				9D866F2A2996EC0700E8A7D0 /* Word_ScrambleApp.swift */,
				9D866F2C2996EC0700E8A7D0 /* ContentView.swift */,
				9D866F542999769000E8A7D0 /* start.txt */,
				9D866F2E2996EC0C00E8A7D0 /* Assets.xcassets */,
				9D866F302996EC0C00E8A7D0 /* Preview Content */,
			);
			path = "Word Scramble";
			sourceTree = "<group>";
		};
		9D866F302996EC0C00E8A7D0 /* Preview Content */ = {
			isa = PBXGroup;
			children = (
				9D866F312996EC0C00E8A7D0 /* Preview Assets.xcassets */,
			);
			path = "Preview Content";
			sourceTree = "<group>";
		};
		9D866F3A2996EC0C00E8A7D0 /* Word ScrambleTests */ = {
			isa = PBXGroup;
			children = (
				9D866F3B2996EC0C00E8A7D0 /* Word_ScrambleTests.swift */,
			);
			path = "Word ScrambleTests";
			sourceTree = "<group>";
		};
		9D866F442996EC0C00E8A7D0 /* Word ScrambleUITests */ = {
			isa = PBXGroup;
			children = (
				9D866F452996EC0C00E8A7D0 /* Word_ScrambleUITests.swift */,
				9D866F472996EC0C00E8A7D0 /* Word_ScrambleUITestsLaunchTests.swift */,
			);
			path = "Word ScrambleUITests";
			sourceTree = "<group>";
		};
/* End PBXGroup section */

/* Begin PBXNativeTarget section */
		9D866F262996EC0700E8A7D0 /* Word Scramble */ = {
			isa = PBXNativeTarget;
			buildConfigurationList = 9D866F4B2996EC0C00E8A7D0 /* Build configuration list for PBXNativeTarget "Word Scramble" */;
			buildPhases = (
				9D866F232996EC0700E8A7D0 /* Sources */,
				9D866F242996EC0700E8A7D0 /* Frameworks */,
				9D866F252996EC0700E8A7D0 /* Resources */,
			);
			buildRules = (
			);
			dependencies = (
			);
			name = "Word Scramble";
			productName = "Word Scramble";
			productReference = 9D866F272996EC0700E8A7D0 /* Word Scramble.app */;
			productType = "com.apple.product-type.application";
		};
		9D866F362996EC0C00E8A7D0 /* Word ScrambleTests */ = {
			isa = PBXNativeTarget;
			buildConfigurationList = 9D866F4E2996EC0C00E8A7D0 /* Build configuration list for PBXNativeTarget "Word ScrambleTests" */;
			buildPhases = (
				9D866F332996EC0C00E8A7D0 /* Sources */,
				9D866F342996EC0C00E8A7D0 /* Frameworks */,
				9D866F352996EC0C00E8A7D0 /* Resources */,
			);
			buildRules = (
			);
			dependencies = (
				9D866F392996EC0C00E8A7D0 /* PBXTargetDependency */,
			);
			name = "Word ScrambleTests";
			productName = "Word ScrambleTests";
			productReference = 9D866F372996EC0C00E8A7D0 /* Word ScrambleTests.xctest */;
			productType = "com.apple.product-type.bundle.unit-test";
		};
		9D866F402996EC0C00E8A7D0 /* Word ScrambleUITests */ = {
			isa = PBXNativeTarget;
			buildConfigurationList = 9D866F512996EC0C00E8A7D0 /* Build configuration list for PBXNativeTarget "Word ScrambleUITests" */;
			buildPhases = (
				9D866F3D2996EC0C00E8A7D0 /* Sources */,
				9D866F3E2996EC0C00E8A7D0 /* Frameworks */,
				9D866F3F2996EC0C00E8A7D0 /* Resources */,
			);
			buildRules = (
			);
			dependencies = (
				9D866F432996EC0C00E8A7D0 /* PBXTargetDependency */,
			);
			name = "Word ScrambleUITests";
			productName = "Word ScrambleUITests";
			productReference = 9D866F412996EC0C00E8A7D0 /* Word ScrambleUITests.xctest */;
			productType = "com.apple.product-type.bundle.ui-testing";
		};
/* End PBXNativeTarget section */

/* Begin PBXProject section */
		9D866F1F2996EC0700E8A7D0 /* Project object */ = {
			isa = PBXProject;
			attributes = {
				BuildIndependentTargetsInParallel = 1;
				LastSwiftUpdateCheck = 1320;
				LastUpgradeCheck = 1320;
				TargetAttributes = {
					9D866F262996EC0700E8A7D0 = {
						CreatedOnToolsVersion = 13.2.1;
					};
					9D866F362996EC0C00E8A7D0 = {
						CreatedOnToolsVersion = 13.2.1;
						TestTargetID = 9D866F262996EC0700E8A7D0;
					};
					9D866F402996EC0C00E8A7D0 = {
						CreatedOnToolsVersion = 13.2.1;
						TestTargetID = 9D866F262996EC0700E8A7D0;
					};
				};
			};
			buildConfigurationList = 9D866F222996EC0700E8A7D0 /* Build configuration list for PBXProject "Word Scramble" */;
			compatibilityVersion = "Xcode 13.0";
			developmentRegion = en;
			hasScannedForEncodings = 0;
			knownRegions = (
				en,
				Base,
			);
			mainGroup = 9D866F1E2996EC0700E8A7D0;
			productRefGroup = 9D866F282996EC0700E8A7D0 /* Products */;
			projectDirPath = "";
			projectRoot = "";
			targets = (
				9D866F262996EC0700E8A7D0 /* Word Scramble */,
				9D866F362996EC0C00E8A7D0 /* Word ScrambleTests */,
				9D866F402996EC0C00E8A7D0 /* Word ScrambleUITests */,
			);
		};
/* End PBXProject section */

/* Begin PBXResourcesBuildPhase section */
		9D866F252996EC0700E8A7D0 /* Resources */ = {
			isa = PBXResourcesBuildPhase;
			buildActionMask = 2147483647;
			files = (
				9D866F322996EC0C00E8A7D0 /* Preview Assets.xcassets in Resources */,
				9D866F552999769200E8A7D0 /* start.txt in Resources */,
				9D866F2F2996EC0C00E8A7D0 /* Assets.xcassets in Resources */,
			);
			runOnlyForDeploymentPostprocessing = 0;
		};
		9D866F352996EC0C00E8A7D0 /* Resources */ = {
			isa = PBXResourcesBuildPhase;
			buildActionMask = 2147483647;
			files = (
			);
			runOnlyForDeploymentPostprocessing = 0;
		};
		9D866F3F2996EC0C00E8A7D0 /* Resources */ = {
			isa = PBXResourcesBuildPhase;
			buildActionMask = 2147483647;
			files = (
			);
			runOnlyForDeploymentPostprocessing = 0;
		};
/* End PBXResourcesBuildPhase section */

/* Begin PBXSourcesBuildPhase section */
		9D866F232996EC0700E8A7D0 /* Sources */ = {
			isa = PBXSourcesBuildPhase;
			buildActionMask = 2147483647;
			files = (
				9D866F2D2996EC0700E8A7D0 /* ContentView.swift in Sources */,
				9D866F2B2996EC0700E8A7D0 /* Word_ScrambleApp.swift in Sources */,
			);
			runOnlyForDeploymentPostprocessing = 0;
		};
		9D866F332996EC0C00E8A7D0 /* Sources */ = {
			isa = PBXSourcesBuildPhase;
			buildActionMask = 2147483647;
			files = (
				9D866F3C2996EC0C00E8A7D0 /* Word_ScrambleTests.swift in Sources */,
			);
			runOnlyForDeploymentPostprocessing = 0;
		};
		9D866F3D2996EC0C00E8A7D0 /* Sources */ = {
			isa = PBXSourcesBuildPhase;
			buildActionMask = 2147483647;
			files = (
				9D866F462996EC0C00E8A7D0 /* Word_ScrambleUITests.swift in Sources */,
				9D866F482996EC0C00E8A7D0 /* Word_ScrambleUITestsLaunchTests.swift in Sources */,
			);
			runOnlyForDeploymentPostprocessing = 0;
		};
/* End PBXSourcesBuildPhase section */

/* Begin PBXTargetDependency section */
		9D866F392996EC0C00E8A7D0 /* PBXTargetDependency */ = {
			isa = PBXTargetDependency;
			target = 9D866F262996EC0700E8A7D0 /* Word Scramble */;
			targetProxy = 9D866F382996EC0C00E8A7D0 /* PBXContainerItemProxy */;
		};
		9D866F432996EC0C00E8A7D0 /* PBXTargetDependency */ = {
			isa = PBXTargetDependency;
			target = 9D866F262996EC0700E8A7D0 /* Word Scramble */;
			targetProxy = 9D866F422996EC0C00E8A7D0 /* PBXContainerItemProxy */;
		};
/* End PBXTargetDependency section */

/* Begin XCBuildConfiguration section */
		9D866F492996EC0C00E8A7D0 /* Debug */ = {
			isa = XCBuildConfiguration;
			buildSettings = {
				ALWAYS_SEARCH_USER_PATHS = NO;
				CLANG_ANALYZER_NONNULL = YES;
				CLANG_ANALYZER_NUMBER_OBJECT_CONVERSION = YES_AGGRESSIVE;
				CLANG_CXX_LANGUAGE_STANDARD = "gnu++17";
				CLANG_CXX_LIBRARY = "libc++";
				CLANG_ENABLE_MODULES = YES;
				CLANG_ENABLE_OBJC_ARC = YES;
				CLANG_ENABLE_OBJC_WEAK = YES;
				CLANG_WARN_BLOCK_CAPTURE_AUTORELEASING = YES;
				CLANG_WARN_BOOL_CONVERSION = YES;
				CLANG_WARN_COMMA = YES;
				CLANG_WARN_CONSTANT_CONVERSION = YES;
				CLANG_WARN_DEPRECATED_OBJC_IMPLEMENTATIONS = YES;
				CLANG_WARN_DIRECT_OBJC_ISA_USAGE = YES_ERROR;
				CLANG_WARN_DOCUMENTATION_COMMENTS = YES;
				CLANG_WARN_EMPTY_BODY = YES;
				CLANG_WARN_ENUM_CONVERSION = YES;
				CLANG_WARN_INFINITE_RECURSION = YES;
				CLANG_WARN_INT_CONVERSION = YES;
				CLANG_WARN_NON_LITERAL_NULL_CONVERSION = YES;
				CLANG_WARN_OBJC_IMPLICIT_RETAIN_SELF = YES;
				CLANG_WARN_OBJC_LITERAL_CONVERSION = YES;
				CLANG_WARN_OBJC_ROOT_CLASS = YES_ERROR;
				CLANG_WARN_QUOTED_INCLUDE_IN_FRAMEWORK_HEADER = YES;
				CLANG_WARN_RANGE_LOOP_ANALYSIS = YES;
				CLANG_WARN_STRICT_PROTOTYPES = YES;
				CLANG_WARN_SUSPICIOUS_MOVE = YES;
				CLANG_WARN_UNGUARDED_AVAILABILITY = YES_AGGRESSIVE;
				CLANG_WARN_UNREACHABLE_CODE = YES;
				CLANG_WARN__DUPLICATE_METHOD_MATCH = YES;
				COPY_PHASE_STRIP = NO;
				DEBUG_INFORMATION_FORMAT = dwarf;
				ENABLE_STRICT_OBJC_MSGSEND = YES;
				ENABLE_TESTABILITY = YES;
				GCC_C_LANGUAGE_STANDARD = gnu11;
				GCC_DYNAMIC_NO_PIC = NO;
				GCC_NO_COMMON_BLOCKS = YES;
				GCC_OPTIMIZATION_LEVEL = 0;
				GCC_PREPROCESSOR_DEFINITIONS = (
					"DEBUG=1",
					"$(inherited)",
				);
				GCC_WARN_64_TO_32_BIT_CONVERSION = YES;
				GCC_WARN_ABOUT_RETURN_TYPE = YES_ERROR;
				GCC_WARN_UNDECLARED_SELECTOR = YES;
				GCC_WARN_UNINITIALIZED_AUTOS = YES_AGGRESSIVE;
				GCC_WARN_UNUSED_FUNCTION = YES;
				GCC_WARN_UNUSED_VARIABLE = YES;
				IPHONEOS_DEPLOYMENT_TARGET = 15.2;
				MTL_ENABLE_DEBUG_INFO = INCLUDE_SOURCE;
				MTL_FAST_MATH = YES;
				ONLY_ACTIVE_ARCH = YES;
				SDKROOT = iphoneos;
				SWIFT_ACTIVE_COMPILATION_CONDITIONS = DEBUG;
				SWIFT_OPTIMIZATION_LEVEL = "-Onone";
			};
			name = Debug;
		};
		9D866F4A2996EC0C00E8A7D0 /* Release */ = {
			isa = XCBuildConfiguration;
			buildSettings = {
				ALWAYS_SEARCH_USER_PATHS = NO;
				CLANG_ANALYZER_NONNULL = YES;
				CLANG_ANALYZER_NUMBER_OBJECT_CONVERSION = YES_AGGRESSIVE;
				CLANG_CXX_LANGUAGE_STANDARD = "gnu++17";
				CLANG_CXX_LIBRARY = "libc++";
				CLANG_ENABLE_MODULES = YES;
				CLANG_ENABLE_OBJC_ARC = YES;
				CLANG_ENABLE_OBJC_WEAK = YES;
				CLANG_WARN_BLOCK_CAPTURE_AUTORELEASING = YES;
				CLANG_WARN_BOOL_CONVERSION = YES;
				CLANG_WARN_COMMA = YES;
				CLANG_WARN_CONSTANT_CONVERSION = YES;
				CLANG_WARN_DEPRECATED_OBJC_IMPLEMENTATIONS = YES;
				CLANG_WARN_DIRECT_OBJC_ISA_USAGE = YES_ERROR;
				CLANG_WARN_DOCUMENTATION_COMMENTS = YES;
				CLANG_WARN_EMPTY_BODY = YES;
				CLANG_WARN_ENUM_CONVERSION = YES;
				CLANG_WARN_INFINITE_RECURSION = YES;
				CLANG_WARN_INT_CONVERSION = YES;
				CLANG_WARN_NON_LITERAL_NULL_CONVERSION = YES;
				CLANG_WARN_OBJC_IMPLICIT_RETAIN_SELF = YES;
				CLANG_WARN_OBJC_LITERAL_CONVERSION = YES;
				CLANG_WARN_OBJC_ROOT_CLASS = YES_ERROR;
				CLANG_WARN_QUOTED_INCLUDE_IN_FRAMEWORK_HEADER = YES;
				CLANG_WARN_RANGE_LOOP_ANALYSIS = YES;
				CLANG_WARN_STRICT_PROTOTYPES = YES;
				CLANG_WARN_SUSPICIOUS_MOVE = YES;
				CLANG_WARN_UNGUARDED_AVAILABILITY = YES_AGGRESSIVE;
				CLANG_WARN_UNREACHABLE_CODE = YES;
				CLANG_WARN__DUPLICATE_METHOD_MATCH = YES;
				COPY_PHASE_STRIP = NO;
				DEBUG_INFORMATION_FORMAT = "dwarf-with-dsym";
				ENABLE_NS_ASSERTIONS = NO;
				ENABLE_STRICT_OBJC_MSGSEND = YES;
				GCC_C_LANGUAGE_STANDARD = gnu11;
				GCC_NO_COMMON_BLOCKS = YES;
				GCC_WARN_64_TO_32_BIT_CONVERSION = YES;
				GCC_WARN_ABOUT_RETURN_TYPE = YES_ERROR;
				GCC_WARN_UNDECLARED_SELECTOR = YES;
				GCC_WARN_UNINITIALIZED_AUTOS = YES_AGGRESSIVE;
				GCC_WARN_UNUSED_FUNCTION = YES;
				GCC_WARN_UNUSED_VARIABLE = YES;
				IPHONEOS_DEPLOYMENT_TARGET = 15.2;
				MTL_ENABLE_DEBUG_INFO = NO;
				MTL_FAST_MATH = YES;
				SDKROOT = iphoneos;
				SWIFT_COMPILATION_MODE = wholemodule;
				SWIFT_OPTIMIZATION_LEVEL = "-O";
				VALIDATE_PRODUCT = YES;
			};
			name = Release;
		};
		9D866F4C2996EC0C00E8A7D0 /* Debug */ = {
			isa = XCBuildConfiguration;
			buildSettings = {
				ASSETCATALOG_COMPILER_APPICON_NAME = AppIcon;
				ASSETCATALOG_COMPILER_GLOBAL_ACCENT_COLOR_NAME = AccentColor;
				CODE_SIGN_STYLE = Automatic;
				CURRENT_PROJECT_VERSION = 1;
				DEVELOPMENT_ASSET_PATHS = "\"Word Scramble/Preview Content\"";
				DEVELOPMENT_TEAM = DJCB4KF639;
				ENABLE_PREVIEWS = YES;
				GENERATE_INFOPLIST_FILE = YES;
				INFOPLIST_KEY_UIApplicationSceneManifest_Generation = YES;
				INFOPLIST_KEY_UIApplicationSupportsIndirectInputEvents = YES;
				INFOPLIST_KEY_UILaunchScreen_Generation = YES;
				INFOPLIST_KEY_UISupportedInterfaceOrientations_iPad = "UIInterfaceOrientationPortrait UIInterfaceOrientationPortraitUpsideDown UIInterfaceOrientationLandscapeLeft UIInterfaceOrientationLandscapeRight";
				INFOPLIST_KEY_UISupportedInterfaceOrientations_iPhone = "UIInterfaceOrientationPortrait UIInterfaceOrientationLandscapeLeft UIInterfaceOrientationLandscapeRight";
				LD_RUNPATH_SEARCH_PATHS = (
					"$(inherited)",
					"@executable_path/Frameworks",
				);
				MARKETING_VERSION = 1.0;
				PRODUCT_BUNDLE_IDENTIFIER = "me.aswitch.Word-Scramble";
				PRODUCT_NAME = "$(TARGET_NAME)";
				SWIFT_EMIT_LOC_STRINGS = YES;
				SWIFT_VERSION = 5.0;
				TARGETED_DEVICE_FAMILY = "1,2";
			};
			name = Debug;
		};
		9D866F4D2996EC0C00E8A7D0 /* Release */ = {
			isa = XCBuildConfiguration;
			buildSettings = {
				ASSETCATALOG_COMPILER_APPICON_NAME = AppIcon;
				ASSETCATALOG_COMPILER_GLOBAL_ACCENT_COLOR_NAME = AccentColor;
				CODE_SIGN_STYLE = Automatic;
				CURRENT_PROJECT_VERSION = 1;
				DEVELOPMENT_ASSET_PATHS = "\"Word Scramble/Preview Content\"";
				DEVELOPMENT_TEAM = DJCB4KF639;
				ENABLE_PREVIEWS = YES;
				GENERATE_INFOPLIST_FILE = YES;
				INFOPLIST_KEY_UIApplicationSceneManifest_Generation = YES;
				INFOPLIST_KEY_UIApplicationSupportsIndirectInputEvents = YES;
				INFOPLIST_KEY_UILaunchScreen_Generation = YES;
				INFOPLIST_KEY_UISupportedInterfaceOrientations_iPad = "UIInterfaceOrientationPortrait UIInterfaceOrientationPortraitUpsideDown UIInterfaceOrientationLandscapeLeft UIInterfaceOrientationLandscapeRight";
				INFOPLIST_KEY_UISupportedInterfaceOrientations_iPhone = "UIInterfaceOrientationPortrait UIInterfaceOrientationLandscapeLeft UIInterfaceOrientationLandscapeRight";
				LD_RUNPATH_SEARCH_PATHS = (
					"$(inherited)",
					"@executable_path/Frameworks",
				);
				MARKETING_VERSION = 1.0;
				PRODUCT_BUNDLE_IDENTIFIER = "me.aswitch.Word-Scramble";
				PRODUCT_NAME = "$(TARGET_NAME)";
				SWIFT_EMIT_LOC_STRINGS = YES;
				SWIFT_VERSION = 5.0;
				TARGETED_DEVICE_FAMILY = "1,2";
			};
			name = Release;
		};
		9D866F4F2996EC0C00E8A7D0 /* Debug */ = {
			isa = XCBuildConfiguration;
			buildSettings = {
				ALWAYS_EMBED_SWIFT_STANDARD_LIBRARIES = YES;
				BUNDLE_LOADER = "$(TEST_HOST)";
				CODE_SIGN_STYLE = Automatic;
				CURRENT_PROJECT_VERSION = 1;
				DEVELOPMENT_TEAM = DJCB4KF639;
				GENERATE_INFOPLIST_FILE = YES;
				IPHONEOS_DEPLOYMENT_TARGET = 15.2;
				MARKETING_VERSION = 1.0;
				PRODUCT_BUNDLE_IDENTIFIER = "me.aswitch.Word-ScrambleTests";
				PRODUCT_NAME = "$(TARGET_NAME)";
				SWIFT_EMIT_LOC_STRINGS = NO;
				SWIFT_VERSION = 5.0;
				TARGETED_DEVICE_FAMILY = "1,2";
				TEST_HOST = "$(BUILT_PRODUCTS_DIR)/Word Scramble.app/Word Scramble";
			};
			name = Debug;
		};
		9D866F502996EC0C00E8A7D0 /* Release */ = {
			isa = XCBuildConfiguration;
			buildSettings = {
				ALWAYS_EMBED_SWIFT_STANDARD_LIBRARIES = YES;
				BUNDLE_LOADER = "$(TEST_HOST)";
				CODE_SIGN_STYLE = Automatic;
				CURRENT_PROJECT_VERSION = 1;
				DEVELOPMENT_TEAM = DJCB4KF639;
				GENERATE_INFOPLIST_FILE = YES;
				IPHONEOS_DEPLOYMENT_TARGET = 15.2;
				MARKETING_VERSION = 1.0;
				PRODUCT_BUNDLE_IDENTIFIER = "me.aswitch.Word-ScrambleTests";
				PRODUCT_NAME = "$(TARGET_NAME)";
				SWIFT_EMIT_LOC_STRINGS = NO;
				SWIFT_VERSION = 5.0;
				TARGETED_DEVICE_FAMILY = "1,2";
				TEST_HOST = "$(BUILT_PRODUCTS_DIR)/Word Scramble.app/Word Scramble";
			};
			name = Release;
		};
		9D866F522996EC0C00E8A7D0 /* Debug */ = {
			isa = XCBuildConfiguration;
			buildSettings = {
				ALWAYS_EMBED_SWIFT_STANDARD_LIBRARIES = YES;
				CODE_SIGN_STYLE = Automatic;
				CURRENT_PROJECT_VERSION = 1;
				DEVELOPMENT_TEAM = DJCB4KF639;
				GENERATE_INFOPLIST_FILE = YES;
				MARKETING_VERSION = 1.0;
				PRODUCT_BUNDLE_IDENTIFIER = "me.aswitch.Word-ScrambleUITests";
				PRODUCT_NAME = "$(TARGET_NAME)";
				SWIFT_EMIT_LOC_STRINGS = NO;
				SWIFT_VERSION = 5.0;
				TARGETED_DEVICE_FAMILY = "1,2";
				TEST_TARGET_NAME = "Word Scramble";
			};
			name = Debug;
		};
		9D866F532996EC0C00E8A7D0 /* Release */ = {
			isa = XCBuildConfiguration;
			buildSettings = {
				ALWAYS_EMBED_SWIFT_STANDARD_LIBRARIES = YES;
				CODE_SIGN_STYLE = Automatic;
				CURRENT_PROJECT_VERSION = 1;
				DEVELOPMENT_TEAM = DJCB4KF639;
				GENERATE_INFOPLIST_FILE = YES;
				MARKETING_VERSION = 1.0;
				PRODUCT_BUNDLE_IDENTIFIER = "me.aswitch.Word-ScrambleUITests";
				PRODUCT_NAME = "$(TARGET_NAME)";
				SWIFT_EMIT_LOC_STRINGS = NO;
				SWIFT_VERSION = 5.0;
				TARGETED_DEVICE_FAMILY = "1,2";
				TEST_TARGET_NAME = "Word Scramble";
			};
			name = Release;
		};
/* End XCBuildConfiguration section */

/* Begin XCConfigurationList section */
		9D866F222996EC0700E8A7D0 /* Build configuration list for PBXProject "Word Scramble" */ = {
			isa = XCConfigurationList;
			buildConfigurations = (
				9D866F492996EC0C00E8A7D0 /* Debug */,
				9D866F4A2996EC0C00E8A7D0 /* Release */,
			);
			defaultConfigurationIsVisible = 0;
			defaultConfigurationName = Release;
		};
		9D866F4B2996EC0C00E8A7D0 /* Build configuration list for PBXNativeTarget "Word Scramble" */ = {
			isa = XCConfigurationList;
			buildConfigurations = (
				9D866F4C2996EC0C00E8A7D0 /* Debug */,
				9D866F4D2996EC0C00E8A7D0 /* Release */,
			);
			defaultConfigurationIsVisible = 0;
			defaultConfigurationName = Release;
		};
		9D866F4E2996EC0C00E8A7D0 /* Build configuration list for PBXNativeTarget "Word ScrambleTests" */ = {
			isa = XCConfigurationList;
			buildConfigurations = (
				9D866F4F2996EC0C00E8A7D0 /* Debug */,
				9D866F502996EC0C00E8A7D0 /* Release */,
			);
			defaultConfigurationIsVisible = 0;
			defaultConfigurationName = Release;
		};
		9D866F512996EC0C00E8A7D0 /* Build configuration list for PBXNativeTarget "Word ScrambleUITests" */ = {
			isa = XCConfigurationList;
			buildConfigurations = (
				9D866F522996EC0C00E8A7D0 /* Debug */,
				9D866F532996EC0C00E8A7D0 /* Release */,
			);
			defaultConfigurationIsVisible = 0;
			defaultConfigurationName = Release;
		};
/* End XCConfigurationList section */
	};
	rootObject = 9D866F1F2996EC0700E8A7D0 /* Project object */;
}
